
Microsoft Visual Studio Solution File, Format Version 12.00
# Visual Studio 2012
Project("{2150E333-8FDC-42A3-9474-1A3956D46DE8}") = "Autodesk.ADN.Toolkit", "Autodesk.ADN.Toolkit", "{144E8E2A-A425-4751-8454-654892CD78CF}"
EndProject
Project("{2150E333-8FDC-42A3-9474-1A3956D46DE8}") = "Autodesk.ADN.AddIns", "Autodesk.ADN.AddIns", "{B615E4E4-0254-4ADA-9951-329914892285}"
EndProject
Project("{FAE04EC0-301F-11D3-BF4B-00C04F79EFBC}") = "Autodesk.ADN.Toolkit.ViewData", "Autodesk.ADN.Toolkit\Autodesk.ADN.Toolkit.ViewData\Autodesk.ADN.Toolkit.ViewData.csproj", "{ADBDD270-A9AD-4564-A999-61FAD27FB992}"
EndProject
Project("{FAE04EC0-301F-11D3-BF4B-00C04F79EFBC}") = "Autodesk.ADN.Toolkit.Gallery", "Autodesk.ADN.Toolkit\Autodesk.ADN.Toolkit.Gallery\Autodesk.ADN.Toolkit.Gallery.csproj", "{345E5CD9-6027-41F2-92C7-786FE0DBBC2E}"
EndProject
Project("{FAE04EC0-301F-11D3-BF4B-00C04F79EFBC}") = "Autodesk.ADN.AcadGalleryUploader", "Autodesk.ADN.AddIns\Autodesk.ADN.AcadGalleryUploader\Autodesk.ADN.AcadGalleryUploader.csproj", "{6542C42A-A7E9-457E-AD57-6EC18B352709}"
EndProject
Global
	GlobalSection(SolutionConfigurationPlatforms) = preSolution
		Debug|Any CPU = Debug|Any CPU
		Debug|Mixed Platforms = Debug|Mixed Platforms
		Debug|Win32 = Debug|Win32
		Debug|x86 = Debug|x86
		Release|Any CPU = Release|Any CPU
		Release|Mixed Platforms = Release|Mixed Platforms
		Release|Win32 = Release|Win32
		Release|x86 = Release|x86
	EndGlobalSection
	GlobalSection(ProjectConfigurationPlatforms) = postSolution
		{ADBDD270-A9AD-4564-A999-61FAD27FB992}.Debug|Any CPU.ActiveCfg = Debug|Any CPU
		{ADBDD270-A9AD-4564-A999-61FAD27FB992}.Debug|Any CPU.Build.0 = Debug|Any CPU
		{ADBDD270-A9AD-4564-A999-61FAD27FB992}.Debug|Mixed Platforms.ActiveCfg = Debug|Any CPU
		{ADBDD270-A9AD-4564-A999-61FAD27FB992}.Debug|Mixed Platforms.Build.0 = Debug|Any CPU
		{ADBDD270-A9AD-4564-A999-61FAD27FB992}.Debug|Win32.ActiveCfg = Debug|Any CPU
		{ADBDD270-A9AD-4564-A999-61FAD27FB992}.Debug|x86.ActiveCfg = Debug|Any CPU
		{ADBDD270-A9AD-4564-A999-61FAD27FB992}.Release|Any CPU.ActiveCfg = Release|Any CPU
		{ADBDD270-A9AD-4564-A999-61FAD27FB992}.Release|Any CPU.Build.0 = Release|Any CPU
		{ADBDD270-A9AD-4564-A999-61FAD27FB992}.Release|Mixed Platforms.ActiveCfg = Release|Any CPU
		{ADBDD270-A9AD-4564-A999-61FAD27FB992}.Release|Mixed Platforms.Build.0 = Release|Any CPU
		{ADBDD270-A9AD-4564-A999-61FAD27FB992}.Release|Win32.ActiveCfg = Release|Any CPU
		{ADBDD270-A9AD-4564-A999-61FAD27FB992}.Release|x86.ActiveCfg = Release|Any CPU
		{345E5CD9-6027-41F2-92C7-786FE0DBBC2E}.Debug|Any CPU.ActiveCfg = Debug|Any CPU
		{345E5CD9-6027-41F2-92C7-786FE0DBBC2E}.Debug|Any CPU.Build.0 = Debug|Any CPU
		{345E5CD9-6027-41F2-92C7-786FE0DBBC2E}.Debug|Mixed Platforms.ActiveCfg = Debug|Any CPU
		{345E5CD9-6027-41F2-92C7-786FE0DBBC2E}.Debug|Mixed Platforms.Build.0 = Debug|Any CPU
		{345E5CD9-6027-41F2-92C7-786FE0DBBC2E}.Debug|Win32.ActiveCfg = Debug|Any CPU
		{345E5CD9-6027-41F2-92C7-786FE0DBBC2E}.Debug|x86.ActiveCfg = Debug|Any CPU
		{345E5CD9-6027-41F2-92C7-786FE0DBBC2E}.Release|Any CPU.ActiveCfg = Release|Any CPU
		{345E5CD9-6027-41F2-92C7-786FE0DBBC2E}.Release|Any CPU.Build.0 = Release|Any CPU
		{345E5CD9-6027-41F2-92C7-786FE0DBBC2E}.Release|Mixed Platforms.ActiveCfg = Release|Any CPU
		{345E5CD9-6027-41F2-92C7-786FE0DBBC2E}.Release|Mixed Platforms.Build.0 = Release|Any CPU
		{345E5CD9-6027-41F2-92C7-786FE0DBBC2E}.Release|Win32.ActiveCfg = Release|Any CPU
		{345E5CD9-6027-41F2-92C7-786FE0DBBC2E}.Release|x86.ActiveCfg = Release|Any CPU
		{6542C42A-A7E9-457E-AD57-6EC18B352709}.Debug|Any CPU.ActiveCfg = Debug|Any CPU
		{6542C42A-A7E9-457E-AD57-6EC18B352709}.Debug|Any CPU.Build.0 = Debug|Any CPU
		{6542C42A-A7E9-457E-AD57-6EC18B352709}.Debug|Mixed Platforms.ActiveCfg = Debug|Any CPU
		{6542C42A-A7E9-457E-AD57-6EC18B352709}.Debug|Mixed Platforms.Build.0 = Debug|Any CPU
		{6542C42A-A7E9-457E-AD57-6EC18B352709}.Debug|Win32.ActiveCfg = Debug|Any CPU
		{6542C42A-A7E9-457E-AD57-6EC18B352709}.Debug|x86.ActiveCfg = Debug|Any CPU
		{6542C42A-A7E9-457E-AD57-6EC18B352709}.Release|Any CPU.ActiveCfg = Release|Any CPU
		{6542C42A-A7E9-457E-AD57-6EC18B352709}.Release|Any CPU.Build.0 = Release|Any CPU
		{6542C42A-A7E9-457E-AD57-6EC18B352709}.Release|Mixed Platforms.ActiveCfg = Release|Any CPU
		{6542C42A-A7E9-457E-AD57-6EC18B352709}.Release|Mixed Platforms.Build.0 = Release|Any CPU
		{6542C42A-A7E9-457E-AD57-6EC18B352709}.Release|Win32.ActiveCfg = Release|Any CPU
		{6542C42A-A7E9-457E-AD57-6EC18B352709}.Release|x86.ActiveCfg = Release|Any CPU
	EndGlobalSection
	GlobalSection(SolutionProperties) = preSolution
		HideSolutionNode = FALSE
	EndGlobalSection
	GlobalSection(NestedProjects) = preSolution
		{ADBDD270-A9AD-4564-A999-61FAD27FB992} = {144E8E2A-A425-4751-8454-654892CD78CF}
		{345E5CD9-6027-41F2-92C7-786FE0DBBC2E} = {144E8E2A-A425-4751-8454-654892CD78CF}
		{6542C42A-A7E9-457E-AD57-6EC18B352709} = {B615E4E4-0254-4ADA-9951-329914892285}
	EndGlobalSection
EndGlobal
